lockfileVersion: '9.0'

settings:
  autoInstallPeers: true
  excludeLinksFromLockfile: false

importers:

  .:
    dependencies:
      '@hpke/chacha20poly1305':
        specifier: 1.8.0
        version: 1.8.0
      '@hpke/core':
        specifier: 1.9.0
        version: 1.9.0
      '@hpke/dhkem-x25519':
        specifier: 1.8.0
        version: 1.8.0
      '@noble/ciphers':
        specifier: 2.2.0
        version: 2.2.0

packages:

  '@hpke/chacha20poly1305@1.8.0':
    resolution: {integrity: sha512-FcBfAQ+Y99vMNJP2yrZ9wpL8V0GOwp1+zMyzvc6alasrBygfFjFm1yeUtyADJCu/27C3Lm5mJzx6u7pwg+cX5w==}
    engines: {node: '>=16.0.0'}

  '@hpke/common@1.10.1':
    resolution: {integrity: sha512-moJwhmtLtuxiUzzNp1jpfBfx8yefKoO9D/RCR9dmwrnc7qjJqId1rEtQz+lSlU5cabX8daToMSx/7HayXOiaFw==}
    engines: {node: '>=16.0.0'}

  '@hpke/core@1.9.0':
    resolution: {integrity: sha512-pFxWl1nNJeQCSUFs7+GAblHvXBCjn9EPN65vdKlYQil2aURaRxfGMO6vBKGqm1YHTKwiAxJQNEI70PbSowMP9Q==}
    engines: {node: '>=16.0.0'}

  '@hpke/dhkem-x25519@1.8.0':
    resolution: {integrity: sha512-S1MWWkAfu+TFxySgv5+2P3O4Mx/jk7BsoplzQaA1s3sfUJVJ2UsZsSzSsMc+FXJumLXncoJFlO6mK6mDGspfmA==}
    engines: {node: '>=16.0.0'}

  '@noble/ciphers@2.2.0':
    resolution: {integrity: sha512-Z6pjIZ/8IJcCGzb2S/0Px5J81yij85xASuk1teLNeg75bfT07MV3a/O2Mtn1I2se43k3lkVEcFaR10N4cgQcZA==}
    engines: {node: '>= 20.19.0'}

snapshots:

  '@hpke/chacha20poly1305@1.8.0':
    dependencies:
      '@hpke/common': 1.10.1

  '@hpke/common@1.10.1': {}

  '@hpke/core@1.9.0':
    dependencies:
      '@hpke/common': 1.10.1

  '@hpke/dhkem-x25519@1.8.0':
    dependencies:
      '@hpke/common': 1.10.1

  '@noble/ciphers@2.2.0': {}
